
Microsoft Visual Studio Solution File, Format Version 12.00
# Visual Studio Version 16
VisualStudioVersion = 16.0.30523.141
MinimumVisualStudioVersion = 10.0.40219.1
Project("{9A19103F-16F7-4668-BE54-9A1E7A4F7556}") = "QnDI2C", "QnDI2C\QnDI2C.csproj", "{95066FF1-B64A-4ABD-B992-9FC4A2B4CF1E}"
EndProject
Global
	GlobalSection(SolutionConfigurationPlatforms) = preSolution
		Debug|Any CPU = Debug|Any CPU
		Release|Any CPU = Release|Any CPU
	EndGlobalSection
	GlobalSection(ProjectConfigurationPlatforms) = postSolution
		{95066FF1-B64A-4ABD-B992-9FC4A2B4CF1E}.Debug|Any CPU.ActiveCfg = Debug|Any CPU
		{95066FF1-B64A-4ABD-B992-9FC4A2B4CF1E}.Debug|Any CPU.Build.0 = Debug|Any CPU
		{95066FF1-B64A-4ABD-B992-9FC4A2B4CF1E}.Release|Any CPU.ActiveCfg = Release|Any CPU
		{95066FF1-B64A-4ABD-B992-9FC4A2B4CF1E}.Release|Any CPU.Build.0 = Release|Any CPU
	EndGlobalSection
	GlobalSection(SolutionProperties) = preSolution
		HideSolutionNode = FALSE
	EndGlobalSection
	GlobalSection(ExtensibilityGlobals) = postSolution
		SolutionGuid = {FA638A28-757C-425D-ACD4-C34D58A5A895}
	EndGlobalSection
EndGlobal
